
Microsoft Visual Studio Solution File, Format Version 12.00
# Visual Studio Version 16
VisualStudioVersion = 16.0.28917.181
MinimumVisualStudioVersion = 10.0.40219.1
Project("{FAE04EC0-301F-11D3-BF4B-00C04F79EFBC}") = "TriviaQuiz", "TriviaQuiz.csproj", "{4C7AE8D8-FD1C-4017-8325-DC798E5FA992}"
EndProject
Global
	GlobalSection(SolutionConfigurationPlatforms) = preSolution
		Debug|Any CPU = Debug|Any CPU
		Release|Any CPU = Release|Any CPU
	EndGlobalSection
	GlobalSection(ProjectConfigurationPlatforms) = postSolution
		{4C7AE8D8-FD1C-4017-8325-DC798E5FA992}.Debug|Any CPU.ActiveCfg = Debug|Any CPU
		{4C7AE8D8-FD1C-4017-8325-DC798E5FA992}.Debug|Any CPU.Build.0 = Debug|Any CPU
		{4C7AE8D8-FD1C-4017-8325-DC798E5FA992}.Release|Any CPU.ActiveCfg = Release|Any CPU
		{4C7AE8D8-FD1C-4017-8325-DC798E5FA992}.Release|Any CPU.Build.0 = Release|Any CPU
	EndGlobalSection
	GlobalSection(SolutionProperties) = preSolution
		HideSolutionNode = FALSE
	EndGlobalSection
	GlobalSection(ExtensibilityGlobals) = postSolution
		SolutionGuid = {1DCFB878-BA4A-4365-B259-8A89A9D4D243}
	EndGlobalSection
EndGlobal
